
Microsoft Visual Studio Solution File, Format Version 12.00
# Visual Studio Version 16
VisualStudioVersion = 16.0.29230.47
MinimumVisualStudioVersion = 10.0.40219.1
Project("{FAE04EC0-301F-11D3-BF4B-00C04F79EFBC}") = "IEnumerableVisualizer", "IEnumerableVisualizer\IEnumerableVisualizer.csproj", "{1D9D8A49-7D6D-47C8-BA42-CCE450B9138A}"
EndProject
Project("{FAE04EC0-301F-11D3-BF4B-00C04F79EFBC}") = "IEnumerableVisualizer.Tests", "IEnumerableVisualizer.Tests\IEnumerableVisualizer.Tests.csproj", "{50B10E51-5DE5-4C84-A054-2EF20F5B60AE}"
EndProject
Project("{9A19103F-16F7-4668-BE54-9A1E7A4F7556}") = "IEnumerableVisualizerDotNetStandard", "IEnumerableVisualizerDotNetStandard\IEnumerableVisualizerDotNetStandard.csproj", "{5A456195-43BA-4FDF-9A77-DF7FA83315F8}"
EndProject
Global
	GlobalSection(SolutionConfigurationPlatforms) = preSolution
		Debug|Any CPU = Debug|Any CPU
		Debug|x64 = Debug|x64
		Release|Any CPU = Release|Any CPU
		Release|x64 = Release|x64
	EndGlobalSection
	GlobalSection(ProjectConfigurationPlatforms) = postSolution
		{1D9D8A49-7D6D-47C8-BA42-CCE450B9138A}.Debug|Any CPU.ActiveCfg = Debug|Any CPU
		{1D9D8A49-7D6D-47C8-BA42-CCE450B9138A}.Debug|Any CPU.Build.0 = Debug|Any CPU
		{1D9D8A49-7D6D-47C8-BA42-CCE450B9138A}.Debug|x64.ActiveCfg = Debug|x64
		{1D9D8A49-7D6D-47C8-BA42-CCE450B9138A}.Debug|x64.Build.0 = Debug|x64
		{1D9D8A49-7D6D-47C8-BA42-CCE450B9138A}.Release|Any CPU.ActiveCfg = Release|Any CPU
		{1D9D8A49-7D6D-47C8-BA42-CCE450B9138A}.Release|Any CPU.Build.0 = Release|Any CPU
		{1D9D8A49-7D6D-47C8-BA42-CCE450B9138A}.Release|x64.ActiveCfg = Release|x64
		{1D9D8A49-7D6D-47C8-BA42-CCE450B9138A}.Release|x64.Build.0 = Release|x64
		{50B10E51-5DE5-4C84-A054-2EF20F5B60AE}.Debug|Any CPU.ActiveCfg = Debug|Any CPU
		{50B10E51-5DE5-4C84-A054-2EF20F5B60AE}.Debug|Any CPU.Build.0 = Debug|Any CPU
		{50B10E51-5DE5-4C84-A054-2EF20F5B60AE}.Debug|x64.ActiveCfg = Debug|x64
		{50B10E51-5DE5-4C84-A054-2EF20F5B60AE}.Debug|x64.Build.0 = Debug|x64
		{50B10E51-5DE5-4C84-A054-2EF20F5B60AE}.Release|Any CPU.ActiveCfg = Release|Any CPU
		{50B10E51-5DE5-4C84-A054-2EF20F5B60AE}.Release|Any CPU.Build.0 = Release|Any CPU
		{50B10E51-5DE5-4C84-A054-2EF20F5B60AE}.Release|x64.ActiveCfg = Release|x64
		{50B10E51-5DE5-4C84-A054-2EF20F5B60AE}.Release|x64.Build.0 = Release|x64
		{5A456195-43BA-4FDF-9A77-DF7FA83315F8}.Debug|Any CPU.ActiveCfg = Debug|Any CPU
		{5A456195-43BA-4FDF-9A77-DF7FA83315F8}.Debug|Any CPU.Build.0 = Debug|Any CPU
		{5A456195-43BA-4FDF-9A77-DF7FA83315F8}.Debug|x64.ActiveCfg = Debug|x64
		{5A456195-43BA-4FDF-9A77-DF7FA83315F8}.Debug|x64.Build.0 = Debug|x64
		{5A456195-43BA-4FDF-9A77-DF7FA83315F8}.Release|Any CPU.ActiveCfg = Release|Any CPU
		{5A456195-43BA-4FDF-9A77-DF7FA83315F8}.Release|Any CPU.Build.0 = Release|Any CPU
		{5A456195-43BA-4FDF-9A77-DF7FA83315F8}.Release|x64.ActiveCfg = Release|x64
		{5A456195-43BA-4FDF-9A77-DF7FA83315F8}.Release|x64.Build.0 = Release|x64
	EndGlobalSection
	GlobalSection(SolutionProperties) = preSolution
		HideSolutionNode = FALSE
	EndGlobalSection
	GlobalSection(ExtensibilityGlobals) = postSolution
		SolutionGuid = {BBE08185-5A36-4ABC-8B78-B68AB1C6F17C}
	EndGlobalSection
EndGlobal
